﻿
Microsoft Visual Studio Solution File, Format Version 12.00
Project("{FAE04EC0-301F-11D3-BF4B-00C04F79EFBC}") = "MauiCSS", "MauiCSS.csproj", "{F2501AE9-B406-4013-A6E7-44F0F2EA2BCF}"
EndProject
Global
	GlobalSection(SolutionConfigurationPlatforms) = preSolution
		Debug|Any CPU = Debug|Any CPU
		Release|Any CPU = Release|Any CPU
	EndGlobalSection
	GlobalSection(ProjectConfigurationPlatforms) = postSolution
		{F2501AE9-B406-4013-A6E7-44F0F2EA2BCF}.Debug|Any CPU.ActiveCfg = Debug|Any CPU
		{F2501AE9-B406-4013-A6E7-44F0F2EA2BCF}.Debug|Any CPU.Build.0 = Debug|Any CPU
		{F2501AE9-B406-4013-A6E7-44F0F2EA2BCF}.Release|Any CPU.ActiveCfg = Release|Any CPU
		{F2501AE9-B406-4013-A6E7-44F0F2EA2BCF}.Release|Any CPU.Build.0 = Release|Any CPU
	EndGlobalSection
EndGlobal
